
Microsoft Visual Studio Solution File, Format Version 12.00
# Visual Studio Version 16
VisualStudioVersion = 16.0.29911.84
MinimumVisualStudioVersion = 10.0.40219.1
Project("{FAE04EC0-301F-11D3-BF4B-00C04F79EFBC}") = "EjercicioIII", "EjercicioIII\EjercicioIII.csproj", "{7084BDCC-B6BE-4433-8B05-2E35F511D86E}"
EndProject
Global
	GlobalSection(SolutionConfigurationPlatforms) = preSolution
		Debug|Any CPU = Debug|Any CPU
		Release|Any CPU = Release|Any CPU
	EndGlobalSection
	GlobalSection(ProjectConfigurationPlatforms) = postSolution
		{7084BDCC-B6BE-4433-8B05-2E35F511D86E}.Debug|Any CPU.ActiveCfg = Debug|Any CPU
		{7084BDCC-B6BE-4433-8B05-2E35F511D86E}.Debug|Any CPU.Build.0 = Debug|Any CPU
		{7084BDCC-B6BE-4433-8B05-2E35F511D86E}.Release|Any CPU.ActiveCfg = Release|Any CPU
		{7084BDCC-B6BE-4433-8B05-2E35F511D86E}.Release|Any CPU.Build.0 = Release|Any CPU
	EndGlobalSection
	GlobalSection(SolutionProperties) = preSolution
		HideSolutionNode = FALSE
	EndGlobalSection
	GlobalSection(ExtensibilityGlobals) = postSolution
		SolutionGuid = {9733AF0A-9A58-4AAC-9CEE-FD2DA5B758B8}
	EndGlobalSection
EndGlobal
